// !$*UTF8*$!
{
	archiveVersion = 1;
	classes = {
	};
	objectVersion = 46;
	objects = {

/* Begin PBXBuildFile section */
		225F477F1CE6D292002475A4 /* AppDelegate.swift in Sources */ = {isa = PBXBuildFile; fileRef = 225F477E1CE6D292002475A4 /* AppDelegate.swift */; };
		225F47841CE6D292002475A4 /* Main.storyboard in Resources */ = {isa = PBXBuildFile; fileRef = 225F47821CE6D292002475A4 /* Main.storyboard */; };
		225F47861CE6D292002475A4 /* Assets.xcassets in Resources */ = {isa = PBXBuildFile; fileRef = 225F47851CE6D292002475A4 /* Assets.xcassets */; };
		225F47891CE6D292002475A4 /* LaunchScreen.storyboard in Resources */ = {isa = PBXBuildFile; fileRef = 225F47871CE6D292002475A4 /* LaunchScreen.storyboard */; };
		225F47911CE6D2CB002475A4 /* Podfile in Resources */ = {isa = PBXBuildFile; fileRef = 225F47901CE6D2CB002475A4 /* Podfile */; };
		225F47931CE6D47D002475A4 /* RoundedButton.swift in Sources */ = {isa = PBXBuildFile; fileRef = 225F47921CE6D47D002475A4 /* RoundedButton.swift */; };
		225F47951CE6D487002475A4 /* ResponceTimerVC.swift in Sources */ = {isa = PBXBuildFile; fileRef = 225F47941CE6D487002475A4 /* ResponceTimerVC.swift */; };
		225F47971CE6D493002475A4 /* RoundedView.swift in Sources */ = {isa = PBXBuildFile; fileRef = 225F47961CE6D493002475A4 /* RoundedView.swift */; };
		A697BE99344818635F7ECADA /* Pods_Response_Timer.framework in Frameworks */ = {isa = PBXBuildFile; fileRef = D64D55ABBFF3917D08B951C6 /* Pods_Response_Timer.framework */; };
/* End PBXBuildFile section */

/* Begin PBXFileReference section */
		225F477B1CE6D292002475A4 /* Response Timer.app */ = {isa = PBXFileReference; explicitFileType = wrapper.application; includeInIndex = 0; path = "Response Timer.app"; sourceTree = BUILT_PRODUCTS_DIR; };
		225F477E1CE6D292002475A4 /* AppDelegate.swift */ = {isa = PBXFileReference; lastKnownFileType = sourcecode.swift; path = AppDelegate.swift; sourceTree = "<group>"; };
		225F47831CE6D292002475A4 /* Base */ = {isa = PBXFileReference; lastKnownFileType = file.storyboard; name = Base; path = Base.lproj/Main.storyboard; sourceTree = "<group>"; };
		225F47851CE6D292002475A4 /* Assets.xcassets */ = {isa = PBXFileReference; lastKnownFileType = folder.assetcatalog; path = Assets.xcassets; sourceTree = "<group>"; };
		225F47881CE6D292002475A4 /* Base */ = {isa = PBXFileReference; lastKnownFileType = file.storyboard; name = Base; path = Base.lproj/LaunchScreen.storyboard; sourceTree = "<group>"; };
		225F478A1CE6D292002475A4 /* Info.plist */ = {isa = PBXFileReference; lastKnownFileType = text.plist.xml; path = Info.plist; sourceTree = "<group>"; };
		225F47901CE6D2CB002475A4 /* Podfile */ = {isa = PBXFileReference; fileEncoding = 4; lastKnownFileType = text; path = Podfile; sourceTree = "<group>"; };
		225F47921CE6D47D002475A4 /* RoundedButton.swift */ = {isa = PBXFileReference; fileEncoding = 4; lastKnownFileType = sourcecode.swift; path = RoundedButton.swift; sourceTree = "<group>"; };
		225F47941CE6D487002475A4 /* ResponceTimerVC.swift */ = {isa = PBXFileReference; fileEncoding = 4; lastKnownFileType = sourcecode.swift; path = ResponceTimerVC.swift; sourceTree = "<group>"; };
		225F47961CE6D493002475A4 /* RoundedView.swift */ = {isa = PBXFileReference; fileEncoding = 4; lastKnownFileType = sourcecode.swift; path = RoundedView.swift; sourceTree = "<group>"; };
		34B3665C6E567D0212B2DFC1 /* Pods-Response Timer.debug.xcconfig */ = {isa = PBXFileReference; includeInIndex = 1; lastKnownFileType = text.xcconfig; name = "Pods-Response Timer.debug.xcconfig"; path = "Pods/Target Support Files/Pods-Response Timer/Pods-Response Timer.debug.xcconfig"; sourceTree = "<group>"; };
		D64D55ABBFF3917D08B951C6 /* Pods_Response_Timer.framework */ = {isa = PBXFileReference; explicitFileType = wrapper.framework; includeInIndex = 0; path = Pods_Response_Timer.framework; sourceTree = BUILT_PRODUCTS_DIR; };
		E2303A534A93C7CFC8ED357D /* Pods-Response Timer.release.xcconfig */ = {isa = PBXFileReference; includeInIndex = 1; lastKnownFileType = text.xcconfig; name = "Pods-Response Timer.release.xcconfig"; path = "Pods/Target Support Files/Pods-Response Timer/Pods-Response Timer.release.xcconfig"; sourceTree = "<group>"; };
/* End PBXFileReference section */

/* Begin PBXFrameworksBuildPhase section */
		225F47781CE6D292002475A4 /* Frameworks */ = {
			isa = PBXFrameworksBuildPhase;
			buildActionMask = 2147483647;
			files = (
				A697BE99344818635F7ECADA /* Pods_Response_Timer.framework in Frameworks */,
			);
			runOnlyForDeploymentPostprocessing = 0;
		};
/* End PBXFrameworksBuildPhase section */

/* Begin PBXGroup section */
		225F47721CE6D292002475A4 = {
			isa = PBXGroup;
			children = (
				225F47901CE6D2CB002475A4 /* Podfile */,
				225F477D1CE6D292002475A4 /* Response Timer */,
				225F477C1CE6D292002475A4 /* Products */,
				5263F8B2FCEA3C923D6F5261 /* Pods */,
				4DC6B2D3EFFD652D33371711 /* Frameworks */,
			);
			sourceTree = "<group>";
		};
		225F477C1CE6D292002475A4 /* Products */ = {
			isa = PBXGroup;
			children = (
				225F477B1CE6D292002475A4 /* Response Timer.app */,
			);
			name = Products;
			sourceTree = "<group>";
		};
		225F477D1CE6D292002475A4 /* Response Timer */ = {
			isa = PBXGroup;
			children = (
				225F477E1CE6D292002475A4 /* AppDelegate.swift */,
				225F47941CE6D487002475A4 /* ResponceTimerVC.swift */,
				225F47821CE6D292002475A4 /* Main.storyboard */,
				225F47921CE6D47D002475A4 /* RoundedButton.swift */,
				225F47961CE6D493002475A4 /* RoundedView.swift */,
				225F47851CE6D292002475A4 /* Assets.xcassets */,
				225F47871CE6D292002475A4 /* LaunchScreen.storyboard */,
				225F478A1CE6D292002475A4 /* Info.plist */,
			);
			path = "Response Timer";
			sourceTree = "<group>";
		};
		4DC6B2D3EFFD652D33371711 /* Frameworks */ = {
			isa = PBXGroup;
			children = (
				D64D55ABBFF3917D08B951C6 /* Pods_Response_Timer.framework */,
			);
			name = Frameworks;
			sourceTree = "<group>";
		};
		5263F8B2FCEA3C923D6F5261 /* Pods */ = {
			isa = PBXGroup;
			children = (
				34B3665C6E567D0212B2DFC1 /* Pods-Response Timer.debug.xcconfig */,
				E2303A534A93C7CFC8ED357D /* Pods-Response Timer.release.xcconfig */,
			);
			name = Pods;
			sourceTree = "<group>";
		};
/* End PBXGroup section */

/* Begin PBXNativeTarget section */
		225F477A1CE6D292002475A4 /* Response Timer */ = {
			isa = PBXNativeTarget;
			buildConfigurationList = 225F478D1CE6D292002475A4 /* Build configuration list for PBXNativeTarget "Response Timer" */;
			buildPhases = (
				CCD10EF083E158978727047D /* Check Pods Manifest.lock */,
				225F47771CE6D292002475A4 /* Sources */,
				225F47781CE6D292002475A4 /* Frameworks */,
				225F47791CE6D292002475A4 /* Resources */,
				30FCAEB070999C4A8647BD5C /* Embed Pods Frameworks */,
				33259F676AFC6BCF5B6A110B /* Copy Pods Resources */,
			);
			buildRules = (
			);
			dependencies = (
			);
			name = "Response Timer";
			productName = "Response Timer";
			productReference = 225F477B1CE6D292002475A4 /* Response Timer.app */;
			productType = "com.apple.product-type.application";
		};
/* End PBXNativeTarget section */

/* Begin PBXProject section */
		225F47731CE6D292002475A4 /* Project object */ = {
			isa = PBXProject;
			attributes = {
				LastSwiftUpdateCheck = 0730;
				LastUpgradeCheck = 0730;
				ORGANIZATIONNAME = "Henry Goodwin";
				TargetAttributes = {
					225F477A1CE6D292002475A4 = {
						CreatedOnToolsVersion = 7.3.1;
						DevelopmentTeam = F5U388WAA7;
					};
				};
			};
			buildConfigurationList = 225F47761CE6D292002475A4 /* Build configuration list for PBXProject "Response Timer" */;
			compatibilityVersion = "Xcode 3.2";
			developmentRegion = English;
			hasScannedForEncodings = 0;
			knownRegions = (
				en,
				Base,
			);
			mainGroup = 225F47721CE6D292002475A4;
			productRefGroup = 225F477C1CE6D292002475A4 /* Products */;
			projectDirPath = "";
			projectRoot = "";
			targets = (
				225F477A1CE6D292002475A4 /* Response Timer */,
			);
		};
/* End PBXProject section */

/* Begin PBXResourcesBuildPhase section */
		225F47791CE6D292002475A4 /* Resources */ = {
			isa = PBXResourcesBuildPhase;
			buildActionMask = 2147483647;
			files = (
				225F47891CE6D292002475A4 /* LaunchScreen.storyboard in Resources */,
				225F47861CE6D292002475A4 /* Assets.xcassets in Resources */,
				225F47911CE6D2CB002475A4 /* Podfile in Resources */,
				225F47841CE6D292002475A4 /* Main.storyboard in Resources */,
			);
			runOnlyForDeploymentPostprocessing = 0;
		};
/* End PBXResourcesBuildPhase section */

/* Begin PBXShellScriptBuildPhase section */
		30FCAEB070999C4A8647BD5C /* Embed Pods Frameworks */ = {
			isa = PBXShellScriptBuildPhase;
			buildActionMask = 2147483647;
			files = (
			);
			inputPaths = (
			);
			name = "Embed Pods Frameworks";
			outputPaths = (
			);
			runOnlyForDeploymentPostprocessing = 0;
			shellPath = /bin/sh;
			shellScript = "\"${SRCROOT}/Pods/Target Support Files/Pods-Response Timer/Pods-Response Timer-frameworks.sh\"\n";
			showEnvVarsInLog = 0;
		};
		33259F676AFC6BCF5B6A110B /* Copy Pods Resources */ = {
			isa = PBXShellScriptBuildPhase;
			buildActionMask = 2147483647;
			files = (
			);
			inputPaths = (
			);
			name = "Copy Pods Resources";
			outputPaths = (
			);
			runOnlyForDeploymentPostprocessing = 0;
			shellPath = /bin/sh;
			shellScript = "\"${SRCROOT}/Pods/Target Support Files/Pods-Response Timer/Pods-Response Timer-resources.sh\"\n";
			showEnvVarsInLog = 0;
		};
		CCD10EF083E158978727047D /* Check Pods Manifest.lock */ = {
			isa = PBXShellScriptBuildPhase;
			buildActionMask = 2147483647;
			files = (
			);
			inputPaths = (
			);
			name = "Check Pods Manifest.lock";
			outputPaths = (
			);
			runOnlyForDeploymentPostprocessing = 0;
			shellPath = /bin/sh;
			shellScript = "diff \"${PODS_ROOT}/../Podfile.lock\" \"${PODS_ROOT}/Manifest.lock\" > /dev/null\nif [[ $? != 0 ]] ; then\n    cat << EOM\nerror: The sandbox is not in sync with the Podfile.lock. Run 'pod install' or update your CocoaPods installation.\nEOM\n    exit 1\nfi\n";
			showEnvVarsInLog = 0;
		};
/* End PBXShellScriptBuildPhase section */

/* Begin PBXSourcesBuildPhase section */
		225F47771CE6D292002475A4 /* Sources */ = {
			isa = PBXSourcesBuildPhase;
			buildActionMask = 2147483647;
			files = (
				225F47971CE6D493002475A4 /* RoundedView.swift in Sources */,
				225F477F1CE6D292002475A4 /* AppDelegate.swift in Sources */,
				225F47931CE6D47D002475A4 /* RoundedButton.swift in Sources */,
				225F47951CE6D487002475A4 /* ResponceTimerVC.swift in Sources */,
			);
			runOnlyForDeploymentPostprocessing = 0;
		};
/* End PBXSourcesBuildPhase section */

/* Begin PBXVariantGroup section */
		225F47821CE6D292002475A4 /* Main.storyboard */ = {
			isa = PBXVariantGroup;
			children = (
				225F47831CE6D292002475A4 /* Base */,
			);
			name = Main.storyboard;
			sourceTree = "<group>";
		};
		225F47871CE6D292002475A4 /* LaunchScreen.storyboard */ = {
			isa = PBXVariantGroup;
			children = (
				225F47881CE6D292002475A4 /* Base */,
			);
			name = LaunchScreen.storyboard;
			sourceTree = "<group>";
		};
/* End PBXVariantGroup section */

/* Begin XCBuildConfiguration section */
		225F478B1CE6D292002475A4 /* Debug */ = {
			isa = XCBuildConfiguration;
			buildSettings = {
				ALWAYS_SEARCH_USER_PATHS = NO;
				CLANG_ANALYZER_NONNULL = YES;
				CLANG_CXX_LANGUAGE_STANDARD = "gnu++0x";
				CLANG_CXX_LIBRARY = "libc++";
				CLANG_ENABLE_MODULES = YES;
				CLANG_ENABLE_OBJC_ARC = YES;
				CLANG_WARN_BOOL_CONVERSION = YES;
				CLANG_WARN_CONSTANT_CONVERSION = YES;
				CLANG_WARN_DIRECT_OBJC_ISA_USAGE = YES_ERROR;
				CLANG_WARN_EMPTY_BODY = YES;
				CLANG_WARN_ENUM_CONVERSION = YES;
				CLANG_WARN_INT_CONVERSION = YES;
				CLANG_WARN_OBJC_ROOT_CLASS = YES_ERROR;
				CLANG_WARN_UNREACHABLE_CODE = YES;
				CLANG_WARN__DUPLICATE_METHOD_MATCH = YES;
				"CODE_SIGN_IDENTITY[sdk=iphoneos*]" = "iPhone Developer";
				COPY_PHASE_STRIP = NO;
				DEBUG_INFORMATION_FORMAT = dwarf;
				ENABLE_STRICT_OBJC_MSGSEND = YES;
				ENABLE_TESTABILITY = YES;
				GCC_C_LANGUAGE_STANDARD = gnu99;
				GCC_DYNAMIC_NO_PIC = NO;
				GCC_NO_COMMON_BLOCKS = YES;
				GCC_OPTIMIZATION_LEVEL = 0;
				GCC_PREPROCESSOR_DEFINITIONS = (
					"DEBUG=1",
					"$(inherited)",
				);
				GCC_WARN_64_TO_32_BIT_CONVERSION = YES;
				GCC_WARN_ABOUT_RETURN_TYPE = YES_ERROR;
				GCC_WARN_UNDECLARED_SELECTOR = YES;
				GCC_WARN_UNINITIALIZED_AUTOS = YES_AGGRESSIVE;
				GCC_WARN_UNUSED_FUNCTION = YES;
				GCC_WARN_UNUSED_VARIABLE = YES;
				IPHONEOS_DEPLOYMENT_TARGET = 9.3;
				MTL_ENABLE_DEBUG_INFO = YES;
				ONLY_ACTIVE_ARCH = YES;
				SDKROOT = iphoneos;
				SWIFT_OPTIMIZATION_LEVEL = "-Onone";
				TARGETED_DEVICE_FAMILY = "1,2";
			};
			name = Debug;
		};
		225F478C1CE6D292002475A4 /* Release */ = {
			isa = XCBuildConfiguration;
			buildSettings = {
				ALWAYS_SEARCH_USER_PATHS = NO;
				CLANG_ANALYZER_NONNULL = YES;
				CLANG_CXX_LANGUAGE_STANDARD = "gnu++0x";
				CLANG_CXX_LIBRARY = "libc++";
				CLANG_ENABLE_MODULES = YES;
				CLANG_ENABLE_OBJC_ARC = YES;
				CLANG_WARN_BOOL_CONVERSION = YES;
				CLANG_WARN_CONSTANT_CONVERSION = YES;
				CLANG_WARN_DIRECT_OBJC_ISA_USAGE = YES_ERROR;
				CLANG_WARN_EMPTY_BODY = YES;
				CLANG_WARN_ENUM_CONVERSION = YES;
				CLANG_WARN_INT_CONVERSION = YES;
				CLANG_WARN_OBJC_ROOT_CLASS = YES_ERROR;
				CLANG_WARN_UNREACHABLE_CODE = YES;
				CLANG_WARN__DUPLICATE_METHOD_MATCH = YES;
				"CODE_SIGN_IDENTITY[sdk=iphoneos*]" = "iPhone Developer";
				COPY_PHASE_STRIP = NO;
				DEBUG_INFORMATION_FORMAT = "dwarf-with-dsym";
				ENABLE_NS_ASSERTIONS = NO;
				ENABLE_STRICT_OBJC_MSGSEND = YES;
				GCC_C_LANGUAGE_STANDARD = gnu99;
				GCC_NO_COMMON_BLOCKS = YES;
				GCC_WARN_64_TO_32_BIT_CONVERSION = YES;
				GCC_WARN_ABOUT_RETURN_TYPE = YES_ERROR;
				GCC_WARN_UNDECLARED_SELECTOR = YES;
				GCC_WARN_UNINITIALIZED_AUTOS = YES_AGGRESSIVE;
				GCC_WARN_UNUSED_FUNCTION = YES;
				GCC_WARN_UNUSED_VARIABLE = YES;
				IPHONEOS_DEPLOYMENT_TARGET = 9.3;
				MTL_ENABLE_DEBUG_INFO = NO;
				SDKROOT = iphoneos;
				TARGETED_DEVICE_FAMILY = "1,2";
				VALIDATE_PRODUCT = YES;
			};
			name = Release;
		};
		225F478E1CE6D292002475A4 /* Debug */ = {
			isa = XCBuildConfiguration;
			baseConfigurationReference = 34B3665C6E567D0212B2DFC1 /* Pods-Response Timer.debug.xcconfig */;
			buildSettings = {
				ASSETCATALOG_COMPILER_APPICON_NAME = AppIcon;
				CODE_SIGN_IDENTITY = "iPhone Developer";
				INFOPLIST_FILE = "Response Timer/Info.plist";
				IPHONEOS_DEPLOYMENT_TARGET = 9.0;
				LD_RUNPATH_SEARCH_PATHS = "$(inherited) @executable_path/Frameworks";
				PRODUCT_BUNDLE_IDENTIFIER = "Henry-Goodwin.Response-Timer";
				PRODUCT_NAME = "$(TARGET_NAME)";
			};
			name = Debug;
		};
		225F478F1CE6D292002475A4 /* Release */ = {
			isa = XCBuildConfiguration;
			baseConfigurationReference = E2303A534A93C7CFC8ED357D /* Pods-Response Timer.release.xcconfig */;
			buildSettings = {
				ASSETCATALOG_COMPILER_APPICON_NAME = AppIcon;
				CODE_SIGN_IDENTITY = "iPhone Developer";
				INFOPLIST_FILE = "Response Timer/Info.plist";
				IPHONEOS_DEPLOYMENT_TARGET = 9.0;
				LD_RUNPATH_SEARCH_PATHS = "$(inherited) @executable_path/Frameworks";
				PRODUCT_BUNDLE_IDENTIFIER = "Henry-Goodwin.Response-Timer";
				PRODUCT_NAME = "$(TARGET_NAME)";
			};
			name = Release;
		};
/* End XCBuildConfiguration section */

/* Begin XCConfigurationList section */
		225F47761CE6D292002475A4 /* Build configuration list for PBXProject "Response Timer" */ = {
			isa = XCConfigurationList;
			buildConfigurations = (
				225F478B1CE6D292002475A4 /* Debug */,
				225F478C1CE6D292002475A4 /* Release */,
			);
			defaultConfigurationIsVisible = 0;
			defaultConfigurationName = Release;
		};
		225F478D1CE6D292002475A4 /* Build configuration list for PBXNativeTarget "Response Timer" */ = {
			isa = XCConfigurationList;
			buildConfigurations = (
				225F478E1CE6D292002475A4 /* Debug */,
				225F478F1CE6D292002475A4 /* Release */,
			);
			defaultConfigurationIsVisible = 0;
			defaultConfigurationName = Release;
		};
/* End XCConfigurationList section */
	};
	rootObject = 225F47731CE6D292002475A4 /* Project object */;
}
